{
  "name": "smartvideos",
  "lockfileVersion": 3,
  "requires": true,
  "packages": {
    "": {
      "devDependencies": {
        "@react-native/gradle-plugin": "^0.87.0"
      }
    },
    "node_modules/@react-native/gradle-plugin": {
      "version": "0.87.0",
      "resolved": "https://registry.npmjs.org/@react-native/gradle-plugin/-/gradle-plugin-0.87.0.tgz",
      "integrity": "sha512-CFOhPsxN4yS6vYjShSGKQiJHDPQFKmbiJG17zZfJuHTvJiaWz7JkpznE/P1RRKXdgvCmACrj31vxJiCHLlI7Gg==",
      "dev": true,
      "license": "MIT",
      "engines": {
        "node": "^22.13.0 || ^24.3.0 || >= 26.0.0"
      }
    }
  }
}
